
Microsoft Visual Studio Solution File, Format Version 12.00
# Visual Studio Version 17
VisualStudioVersion = 17.0.31903.59
MinimumVisualStudioVersion = 10.0.40219.1
Project("{2150E333-8FDC-42A3-9474-1A3956D46DE8}") = "src", "src", "{C1A99814-19A5-435C-ADB0-BFB5E171709C}"
EndProject
Project("{FAE04EC0-301F-11D3-BF4B-00C04F79EFBC}") = "ConfigManager.Provider", "src\ConfigManager.Provider\ConfigManager.Provider.csproj", "{14E84672-E7A4-4A8C-ADF8-B9C8771DF5AA}"
EndProject
Project("{FAE04EC0-301F-11D3-BF4B-00C04F79EFBC}") = "ConfigManager.ExampleApp", "src\ConfigManager.ExampleApp\ConfigManager.ExampleApp.csproj", "{92FF0442-6429-48E1-8A8C-B14C086A1D07}"
EndProject
Project("{2150E333-8FDC-42A3-9474-1A3956D46DE8}") = "tests", "tests", "{84D11F45-89EB-48A0-8D54-69DC9FD64C6B}"
EndProject
Project("{FAE04EC0-301F-11D3-BF4B-00C04F79EFBC}") = "ConfigManager.Provider.Tests", "tests\ConfigManager.Provider.Tests\ConfigManager.Provider.Tests.csproj", "{FF8DFEFA-CC9C-4C42-BCE2-DC1B6C948D98}"
EndProject
Global
	GlobalSection(SolutionConfigurationPlatforms) = preSolution
		Debug|Any CPU = Debug|Any CPU
		Release|Any CPU = Release|Any CPU
	EndGlobalSection
	GlobalSection(SolutionProperties) = preSolution
		HideSolutionNode = FALSE
	EndGlobalSection
	GlobalSection(ProjectConfigurationPlatforms) = postSolution
		{14E84672-E7A4-4A8C-ADF8-B9C8771DF5AA}.Debug|Any CPU.ActiveCfg = Debug|Any CPU
		{14E84672-E7A4-4A8C-ADF8-B9C8771DF5AA}.Debug|Any CPU.Build.0 = Debug|Any CPU
		{14E84672-E7A4-4A8C-ADF8-B9C8771DF5AA}.Release|Any CPU.ActiveCfg = Release|Any CPU
		{14E84672-E7A4-4A8C-ADF8-B9C8771DF5AA}.Release|Any CPU.Build.0 = Release|Any CPU
		{92FF0442-6429-48E1-8A8C-B14C086A1D07}.Debug|Any CPU.ActiveCfg = Debug|Any CPU
		{92FF0442-6429-48E1-8A8C-B14C086A1D07}.Debug|Any CPU.Build.0 = Debug|Any CPU
		{92FF0442-6429-48E1-8A8C-B14C086A1D07}.Release|Any CPU.ActiveCfg = Release|Any CPU
		{92FF0442-6429-48E1-8A8C-B14C086A1D07}.Release|Any CPU.Build.0 = Release|Any CPU
		{FF8DFEFA-CC9C-4C42-BCE2-DC1B6C948D98}.Debug|Any CPU.ActiveCfg = Debug|Any CPU
		{FF8DFEFA-CC9C-4C42-BCE2-DC1B6C948D98}.Debug|Any CPU.Build.0 = Debug|Any CPU
		{FF8DFEFA-CC9C-4C42-BCE2-DC1B6C948D98}.Release|Any CPU.ActiveCfg = Release|Any CPU
		{FF8DFEFA-CC9C-4C42-BCE2-DC1B6C948D98}.Release|Any CPU.Build.0 = Release|Any CPU
	EndGlobalSection
	GlobalSection(NestedProjects) = preSolution
		{14E84672-E7A4-4A8C-ADF8-B9C8771DF5AA} = {C1A99814-19A5-435C-ADB0-BFB5E171709C}
		{92FF0442-6429-48E1-8A8C-B14C086A1D07} = {C1A99814-19A5-435C-ADB0-BFB5E171709C}
		{FF8DFEFA-CC9C-4C42-BCE2-DC1B6C948D98} = {84D11F45-89EB-48A0-8D54-69DC9FD64C6B}
	EndGlobalSection
EndGlobal
